
Microsoft Visual Studio Solution File, Format Version 12.00
# Visual Studio Version 17
VisualStudioVersion = 17.8.34330.188
MinimumVisualStudioVersion = 10.0.40219.1
Project("{FAE04EC0-301F-11D3-BF4B-00C04F79EFBC}") = "Task_MinI", "Task_MinI\Task_MinI.csproj", "{8C589982-3EF9-447E-A2DA-A3A538425BB1}"
EndProject
Global
	GlobalSection(SolutionConfigurationPlatforms) = preSolution
		Debug|Any CPU = Debug|Any CPU
		Release|Any CPU = Release|Any CPU
	EndGlobalSection
	GlobalSection(ProjectConfigurationPlatforms) = postSolution
		{8C589982-3EF9-447E-A2DA-A3A538425BB1}.Debug|Any CPU.ActiveCfg = Debug|Any CPU
		{8C589982-3EF9-447E-A2DA-A3A538425BB1}.Debug|Any CPU.Build.0 = Debug|Any CPU
		{8C589982-3EF9-447E-A2DA-A3A538425BB1}.Release|Any CPU.ActiveCfg = Release|Any CPU
		{8C589982-3EF9-447E-A2DA-A3A538425BB1}.Release|Any CPU.Build.0 = Release|Any CPU
	EndGlobalSection
	GlobalSection(SolutionProperties) = preSolution
		HideSolutionNode = FALSE
	EndGlobalSection
	GlobalSection(ExtensibilityGlobals) = postSolution
		SolutionGuid = {C394A2CB-C1C5-420C-8AFF-078DB2DEC799}
	EndGlobalSection
EndGlobal
